PATH
  remote: .
  specs:
    ligarb (0.9.1)
      base64 (>= 0.1)
      fiddle (>= 1.1)
      kramdown (~> 2.4)
      kramdown-parser-gfm (~> 1.1)
      webrick (>= 1.7)

GEM
  remote: https://rubygems.org/
  specs:
    base64 (0.3.0)
    drb (2.2.3)
    fiddle (1.1.8)
    kramdown (2.5.2)
      rexml (>= 3.4.4)
    kramdown-parser-gfm (1.1.0)
      kramdown (~> 2.0)
    minitest (6.0.2)
      drb (~> 2.0)
      prism (~> 1.5)
    prism (1.9.0)
    rake (13.3.1)
    rexml (3.4.4)
    webrick (1.9.2)

PLATFORMS
  ruby
  x86_64-linux

DEPENDENCIES
  ligarb!
  minitest
  rake

CHECKSUMS
  base64 (0.3.0) sha256=27337aeabad6ffae05c265c450490628ef3ebd4b67be58257393227588f5a97b
  drb (2.2.3) sha256=0b00d6fdb50995fe4a45dea13663493c841112e4068656854646f418fda13373
  fiddle (1.1.8) sha256=7fa8ee3627271497f3add5503acdbc3f40b32f610fc1cf49634f083ef3f32eee
  kramdown (2.5.2) sha256=1ba542204c66b6f9111ff00dcc26075b95b220b07f2905d8261740c82f7f02fa
  kramdown-parser-gfm (1.1.0) sha256=fb39745516427d2988543bf01fc4cf0ab1149476382393e0e9c48592f6581729
  ligarb (0.9.1)
  minitest (6.0.2) sha256=db6e57956f6ecc6134683b4c87467d6dd792323c7f0eea7b93f66bd284adbc3d
  prism (1.9.0) sha256=7b530c6a9f92c24300014919c9dcbc055bf4cdf51ec30aed099b06cd6674ef85
  rake (13.3.1) sha256=8c9e89d09f66a26a01264e7e3480ec0607f0c497a861ef16063604b1b08eb19c
  rexml (3.4.4) sha256=19e0a2c3425dfbf2d4fc1189747bdb2f849b6c5e74180401b15734bc97b5d142
  webrick (1.9.2) sha256=beb4a15fc474defed24a3bda4ffd88a490d517c9e4e6118c3edce59e45864131

BUNDLED WITH
  4.0.3
